// !$*UTF8*$!
{
	archiveVersion = 1;
	classes = {
	};
	objectVersion = 46;
	objects = {

/* Begin PBXBuildFile section */
		5F9E4F071CECB90B00F628AD /* main.m in Sources */ = {isa = PBXBuildFile; fileRef = 5F9E4F061CECB90B00F628AD /* main.m */; };
		5F9E4F0A1CECB90B00F628AD /* AppDelegate.m in Sources */ = {isa = PBXBuildFile; fileRef = 5F9E4F091CECB90B00F628AD /* AppDelegate.m */; };
		5F9E4F0D1CECB90B00F628AD /* ViewController.m in Sources */ = {isa = PBXBuildFile; fileRef = 5F9E4F0C1CECB90B00F628AD /* ViewController.m */; };
		5F9E4F101CECB90B00F628AD /* Main.storyboard in Resources */ = {isa = PBXBuildFile; fileRef = 5F9E4F0E1CECB90B00F628AD /* Main.storyboard */; };
		5F9E4F121CECB90B00F628AD /* Assets.xcassets in Resources */ = {isa = PBXBuildFile; fileRef = 5F9E4F111CECB90B00F628AD /* Assets.xcassets */; };
		5F9E4F151CECB90B00F628AD /* LaunchScreen.storyboard in Resources */ = {isa = PBXBuildFile; fileRef = 5F9E4F131CECB90B00F628AD /* LaunchScreen.storyboard */; };
		5F9E4F201CECB90B00F628AD /* ___Tests.m in Sources */ = {isa = PBXBuildFile; fileRef = 5F9E4F1F1CECB90B00F628AD /* ___Tests.m */; };
		5F9E4F2B1CECB90C00F628AD /* ___UITests.m in Sources */ = {isa = PBXBuildFile; fileRef = 5F9E4F2A1CECB90C00F628AD /* ___UITests.m */; };
		5FB64D7F1CF0B3900017725F /* Calculate.m in Sources */ = {isa = PBXBuildFile; fileRef = 5FB64D7E1CF0B3900017725F /* Calculate.m */; };
/* End PBXBuildFile section */

/* Begin PBXContainerItemProxy section */
		5F9E4F1C1CECB90B00F628AD /* PBXContainerItemProxy */ = {
			isa = PBXContainerItemProxy;
			containerPortal = 5F9E4EFA1CECB90B00F628AD /* Project object */;
			proxyType = 1;
			remoteGlobalIDString = 5F9E4F011CECB90B00F628AD;
			remoteInfo = "计算器";
		};
		5F9E4F271CECB90C00F628AD /* PBXContainerItemProxy */ = {
			isa = PBXContainerItemProxy;
			containerPortal = 5F9E4EFA1CECB90B00F628AD /* Project object */;
			proxyType = 1;
			remoteGlobalIDString = 5F9E4F011CECB90B00F628AD;
			remoteInfo = "计算器";
		};
/* End PBXContainerItemProxy section */

/* Begin PBXFileReference section */
		5F9E4F021CECB90B00F628AD /* 计算器.app */ = {isa = PBXFileReference; explicitFileType = wrapper.application; includeInIndex = 0; path = "计算器.app"; sourceTree = BUILT_PRODUCTS_DIR; };
		5F9E4F061CECB90B00F628AD /* main.m */ = {isa = PBXFileReference; lastKnownFileType = sourcecode.c.objc; path = main.m; sourceTree = "<group>"; };
		5F9E4F081CECB90B00F628AD /* AppDelegate.h */ = {isa = PBXFileReference; lastKnownFileType = sourcecode.c.h; path = AppDelegate.h; sourceTree = "<group>"; };
		5F9E4F091CECB90B00F628AD /* AppDelegate.m */ = {isa = PBXFileReference; lastKnownFileType = sourcecode.c.objc; path = AppDelegate.m; sourceTree = "<group>"; };
		5F9E4F0B1CECB90B00F628AD /* ViewController.h */ = {isa = PBXFileReference; lastKnownFileType = sourcecode.c.h; path = ViewController.h; sourceTree = "<group>"; };
		5F9E4F0C1CECB90B00F628AD /* ViewController.m */ = {isa = PBXFileReference; lastKnownFileType = sourcecode.c.objc; path = ViewController.m; sourceTree = "<group>"; };
		5F9E4F0F1CECB90B00F628AD /* Base */ = {isa = PBXFileReference; lastKnownFileType = file.storyboard; name = Base; path = Base.lproj/Main.storyboard; sourceTree = "<group>"; };
		5F9E4F111CECB90B00F628AD /* Assets.xcassets */ = {isa = PBXFileReference; lastKnownFileType = folder.assetcatalog; path = Assets.xcassets; sourceTree = "<group>"; };
		5F9E4F141CECB90B00F628AD /* Base */ = {isa = PBXFileReference; lastKnownFileType = file.storyboard; name = Base; path = Base.lproj/LaunchScreen.storyboard; sourceTree = "<group>"; };
		5F9E4F161CECB90B00F628AD /* Info.plist */ = {isa = PBXFileReference; lastKnownFileType = text.plist.xml; path = Info.plist; sourceTree = "<group>"; };
		5F9E4F1B1CECB90B00F628AD /* 计算器Tests.xctest */ = {isa = PBXFileReference; explicitFileType = wrapper.cfbundle; includeInIndex = 0; path = "计算器Tests.xctest"; sourceTree = BUILT_PRODUCTS_DIR; };
		5F9E4F1F1CECB90B00F628AD /* ___Tests.m */ = {isa = PBXFileReference; lastKnownFileType = sourcecode.c.objc; path = "___Tests.m"; sourceTree = "<group>"; };
		5F9E4F211CECB90B00F628AD /* Info.plist */ = {isa = PBXFileReference; lastKnownFileType = text.plist.xml; path = Info.plist; sourceTree = "<group>"; };
		5F9E4F261CECB90C00F628AD /* 计算器UITests.xctest */ = {isa = PBXFileReference; explicitFileType = wrapper.cfbundle; includeInIndex = 0; path = "计算器UITests.xctest"; sourceTree = BUILT_PRODUCTS_DIR; };
		5F9E4F2A1CECB90C00F628AD /* ___UITests.m */ = {isa = PBXFileReference; lastKnownFileType = sourcecode.c.objc; path = "___UITests.m"; sourceTree = "<group>"; };
		5F9E4F2C1CECB90C00F628AD /* Info.plist */ = {isa = PBXFileReference; lastKnownFileType = text.plist.xml; path = Info.plist; sourceTree = "<group>"; };
		5FB64D7D1CF0B3900017725F /* Calculate.h */ = {isa = PBXFileReference; fileEncoding = 4; lastKnownFileType = sourcecode.c.h; path = Calculate.h; sourceTree = "<group>"; };
		5FB64D7E1CF0B3900017725F /* Calculate.m */ = {isa = PBXFileReference; fileEncoding = 4; lastKnownFileType = sourcecode.c.objc; path = Calculate.m; sourceTree = "<group>"; };
/* End PBXFileReference section */

/* Begin PBXFrameworksBuildPhase section */
		5F9E4EFF1CECB90B00F628AD /* Frameworks */ = {
			isa = PBXFrameworksBuildPhase;
			buildActionMask = 2147483647;
			files = (
			);
			runOnlyForDeploymentPostprocessing = 0;
		};
		5F9E4F181CECB90B00F628AD /* Frameworks */ = {
			isa = PBXFrameworksBuildPhase;
			buildActionMask = 2147483647;
			files = (
			);
			runOnlyForDeploymentPostprocessing = 0;
		};
		5F9E4F231CECB90C00F628AD /* Frameworks */ = {
			isa = PBXFrameworksBuildPhase;
			buildActionMask = 2147483647;
			files = (
			);
			runOnlyForDeploymentPostprocessing = 0;
		};
/* End PBXFrameworksBuildPhase section */

/* Begin PBXGroup section */
		5F9E4EF91CECB90B00F628AD = {
			isa = PBXGroup;
			children = (
				5F9E4F041CECB90B00F628AD /* 计算器 */,
				5F9E4F1E1CECB90B00F628AD /* 计算器Tests */,
				5F9E4F291CECB90C00F628AD /* 计算器UITests */,
				5F9E4F031CECB90B00F628AD /* Products */,
			);
			sourceTree = "<group>";
		};
		5F9E4F031CECB90B00F628AD /* Products */ = {
			isa = PBXGroup;
			children = (
				5F9E4F021CECB90B00F628AD /* 计算器.app */,
				5F9E4F1B1CECB90B00F628AD /* 计算器Tests.xctest */,
				5F9E4F261CECB90C00F628AD /* 计算器UITests.xctest */,
			);
			name = Products;
			sourceTree = "<group>";
		};
		5F9E4F041CECB90B00F628AD /* 计算器 */ = {
			isa = PBXGroup;
			children = (
				5FB64D7D1CF0B3900017725F /* Calculate.h */,
				5FB64D7E1CF0B3900017725F /* Calculate.m */,
				5F9E4F081CECB90B00F628AD /* AppDelegate.h */,
				5F9E4F091CECB90B00F628AD /* AppDelegate.m */,
				5F9E4F0B1CECB90B00F628AD /* ViewController.h */,
				5F9E4F0C1CECB90B00F628AD /* ViewController.m */,
				5F9E4F0E1CECB90B00F628AD /* Main.storyboard */,
				5F9E4F111CECB90B00F628AD /* Assets.xcassets */,
				5F9E4F131CECB90B00F628AD /* LaunchScreen.storyboard */,
				5F9E4F161CECB90B00F628AD /* Info.plist */,
				5F9E4F051CECB90B00F628AD /* Supporting Files */,
			);
			path = "计算器";
			sourceTree = "<group>";
		};
		5F9E4F051CECB90B00F628AD /* Supporting Files */ = {
			isa = PBXGroup;
			children = (
				5F9E4F061CECB90B00F628AD /* main.m */,
			);
			name = "Supporting Files";
			sourceTree = "<group>";
		};
		5F9E4F1E1CECB90B00F628AD /* 计算器Tests */ = {
			isa = PBXGroup;
			children = (
				5F9E4F1F1CECB90B00F628AD /* ___Tests.m */,
				5F9E4F211CECB90B00F628AD /* Info.plist */,
			);
			path = "计算器Tests";
			sourceTree = "<group>";
		};
		5F9E4F291CECB90C00F628AD /* 计算器UITests */ = {
			isa = PBXGroup;
			children = (
				5F9E4F2A1CECB90C00F628AD /* ___UITests.m */,
				5F9E4F2C1CECB90C00F628AD /* Info.plist */,
			);
			path = "计算器UITests";
			sourceTree = "<group>";
		};
/* End PBXGroup section */

/* Begin PBXNativeTarget section */
		5F9E4F011CECB90B00F628AD /* 计算器 */ = {
			isa = PBXNativeTarget;
			buildConfigurationList = 5F9E4F2F1CECB90C00F628AD /* Build configuration list for PBXNativeTarget "计算器" */;
			buildPhases = (
				5F9E4EFE1CECB90B00F628AD /* Sources */,
				5F9E4EFF1CECB90B00F628AD /* Frameworks */,
				5F9E4F001CECB90B00F628AD /* Resources */,
			);
			buildRules = (
			);
			dependencies = (
			);
			name = "计算器";
			productName = "计算器";
			productReference = 5F9E4F021CECB90B00F628AD /* 计算器.app */;
			productType = "com.apple.product-type.application";
		};
		5F9E4F1A1CECB90B00F628AD /* 计算器Tests */ = {
			isa = PBXNativeTarget;
			buildConfigurationList = 5F9E4F321CECB90C00F628AD /* Build configuration list for PBXNativeTarget "计算器Tests" */;
			buildPhases = (
				5F9E4F171CECB90B00F628AD /* Sources */,
				5F9E4F181CECB90B00F628AD /* Frameworks */,
				5F9E4F191CECB90B00F628AD /* Resources */,
			);
			buildRules = (
			);
			dependencies = (
				5F9E4F1D1CECB90B00F628AD /* PBXTargetDependency */,
			);
			name = "计算器Tests";
			productName = "计算器Tests";
			productReference = 5F9E4F1B1CECB90B00F628AD /* 计算器Tests.xctest */;
			productType = "com.apple.product-type.bundle.unit-test";
		};
		5F9E4F251CECB90C00F628AD /* 计算器UITests */ = {
			isa = PBXNativeTarget;
			buildConfigurationList = 5F9E4F351CECB90C00F628AD /* Build configuration list for PBXNativeTarget "计算器UITests" */;
			buildPhases = (
				5F9E4F221CECB90C00F628AD /* Sources */,
				5F9E4F231CECB90C00F628AD /* Frameworks */,
				5F9E4F241CECB90C00F628AD /* Resources */,
			);
			buildRules = (
			);
			dependencies = (
				5F9E4F281CECB90C00F628AD /* PBXTargetDependency */,
			);
			name = "计算器UITests";
			productName = "计算器UITests";
			productReference = 5F9E4F261CECB90C00F628AD /* 计算器UITests.xctest */;
			productType = "com.apple.product-type.bundle.ui-testing";
		};
/* End PBXNativeTarget section */

/* Begin PBXProject section */
		5F9E4EFA1CECB90B00F628AD /* Project object */ = {
			isa = PBXProject;
			attributes = {
				LastUpgradeCheck = 0730;
				ORGANIZATIONNAME = MuChen;
				TargetAttributes = {
					5F9E4F011CECB90B00F628AD = {
						CreatedOnToolsVersion = 7.3.1;
					};
					5F9E4F1A1CECB90B00F628AD = {
						CreatedOnToolsVersion = 7.3.1;
						TestTargetID = 5F9E4F011CECB90B00F628AD;
					};
					5F9E4F251CECB90C00F628AD = {
						CreatedOnToolsVersion = 7.3.1;
						TestTargetID = 5F9E4F011CECB90B00F628AD;
					};
				};
			};
			buildConfigurationList = 5F9E4EFD1CECB90B00F628AD /* Build configuration list for PBXProject "计算器" */;
			compatibilityVersion = "Xcode 3.2";
			developmentRegion = English;
			hasScannedForEncodings = 0;
			knownRegions = (
				en,
				Base,
			);
			mainGroup = 5F9E4EF91CECB90B00F628AD;
			productRefGroup = 5F9E4F031CECB90B00F628AD /* Products */;
			projectDirPath = "";
			projectRoot = "";
			targets = (
				5F9E4F011CECB90B00F628AD /* 计算器 */,
				5F9E4F1A1CECB90B00F628AD /* 计算器Tests */,
				5F9E4F251CECB90C00F628AD /* 计算器UITests */,
			);
		};
/* End PBXProject section */

/* Begin PBXResourcesBuildPhase section */
		5F9E4F001CECB90B00F628AD /* Resources */ = {
			isa = PBXResourcesBuildPhase;
			buildActionMask = 2147483647;
			files = (
				5F9E4F151CECB90B00F628AD /* LaunchScreen.storyboard in Resources */,
				5F9E4F121CECB90B00F628AD /* Assets.xcassets in Resources */,
				5F9E4F101CECB90B00F628AD /* Main.storyboard in Resources */,
			);
			runOnlyForDeploymentPostprocessing = 0;
		};
		5F9E4F191CECB90B00F628AD /* Resources */ = {
			isa = PBXResourcesBuildPhase;
			buildActionMask = 2147483647;
			files = (
			);
			runOnlyForDeploymentPostprocessing = 0;
		};
		5F9E4F241CECB90C00F628AD /* Resources */ = {
			isa = PBXResourcesBuildPhase;
			buildActionMask = 2147483647;
			files = (
			);
			runOnlyForDeploymentPostprocessing = 0;
		};
/* End PBXResourcesBuildPhase section */

/* Begin PBXSourcesBuildPhase section */
		5F9E4EFE1CECB90B00F628AD /* Sources */ = {
			isa = PBXSourcesBuildPhase;
			buildActionMask = 2147483647;
			files = (
				5FB64D7F1CF0B3900017725F /* Calculate.m in Sources */,
				5F9E4F0D1CECB90B00F628AD /* ViewController.m in Sources */,
				5F9E4F0A1CECB90B00F628AD /* AppDelegate.m in Sources */,
				5F9E4F071CECB90B00F628AD /* main.m in Sources */,
			);
			runOnlyForDeploymentPostprocessing = 0;
		};
		5F9E4F171CECB90B00F628AD /* Sources */ = {
			isa = PBXSourcesBuildPhase;
			buildActionMask = 2147483647;
			files = (
				5F9E4F201CECB90B00F628AD /* ___Tests.m in Sources */,
			);
			runOnlyForDeploymentPostprocessing = 0;
		};
		5F9E4F221CECB90C00F628AD /* Sources */ = {
			isa = PBXSourcesBuildPhase;
			buildActionMask = 2147483647;
			files = (
				5F9E4F2B1CECB90C00F628AD /* ___UITests.m in Sources */,
			);
			runOnlyForDeploymentPostprocessing = 0;
		};
/* End PBXSourcesBuildPhase section */

/* Begin PBXTargetDependency section */
		5F9E4F1D1CECB90B00F628AD /* PBXTargetDependency */ = {
			isa = PBXTargetDependency;
			target = 5F9E4F011CECB90B00F628AD /* 计算器 */;
			targetProxy = 5F9E4F1C1CECB90B00F628AD /* PBXContainerItemProxy */;
		};
		5F9E4F281CECB90C00F628AD /* PBXTargetDependency */ = {
			isa = PBXTargetDependency;
			target = 5F9E4F011CECB90B00F628AD /* 计算器 */;
			targetProxy = 5F9E4F271CECB90C00F628AD /* PBXContainerItemProxy */;
		};
/* End PBXTargetDependency section */

/* Begin PBXVariantGroup section */
		5F9E4F0E1CECB90B00F628AD /* Main.storyboard */ = {
			isa = PBXVariantGroup;
			children = (
				5F9E4F0F1CECB90B00F628AD /* Base */,
			);
			name = Main.storyboard;
			sourceTree = "<group>";
		};
		5F9E4F131CECB90B00F628AD /* LaunchScreen.storyboard */ = {
			isa = PBXVariantGroup;
			children = (
				5F9E4F141CECB90B00F628AD /* Base */,
			);
			name = LaunchScreen.storyboard;
			sourceTree = "<group>";
		};
/* End PBXVariantGroup section */

/* Begin XCBuildConfiguration section */
		5F9E4F2D1CECB90C00F628AD /* Debug */ = {
			isa = XCBuildConfiguration;
			buildSettings = {
				ALWAYS_SEARCH_USER_PATHS = NO;
				CLANG_ANALYZER_NONNULL = YES;
				CLANG_CXX_LANGUAGE_STANDARD = "gnu++0x";
				CLANG_CXX_LIBRARY = "libc++";
				CLANG_ENABLE_MODULES = YES;
				CLANG_ENABLE_OBJC_ARC = YES;
				CLANG_WARN_BOOL_CONVERSION = YES;
				CLANG_WARN_CONSTANT_CONVERSION = YES;
				CLANG_WARN_DIRECT_OBJC_ISA_USAGE = YES_ERROR;
				CLANG_WARN_EMPTY_BODY = YES;
				CLANG_WARN_ENUM_CONVERSION = YES;
				CLANG_WARN_INT_CONVERSION = YES;
				CLANG_WARN_OBJC_ROOT_CLASS = YES_ERROR;
				CLANG_WARN_UNREACHABLE_CODE = YES;
				CLANG_WARN__DUPLICATE_METHOD_MATCH = YES;
				"CODE_SIGN_IDENTITY[sdk=iphoneos*]" = "iPhone Developer";
				COPY_PHASE_STRIP = NO;
				DEBUG_INFORMATION_FORMAT = dwarf;
				ENABLE_STRICT_OBJC_MSGSEND = YES;
				ENABLE_TESTABILITY = YES;
				GCC_C_LANGUAGE_STANDARD = gnu99;
				GCC_DYNAMIC_NO_PIC = NO;
				GCC_NO_COMMON_BLOCKS = YES;
				GCC_OPTIMIZATION_LEVEL = 0;
				GCC_PREPROCESSOR_DEFINITIONS = (
					"DEBUG=1",
					"$(inherited)",
				);
				GCC_WARN_64_TO_32_BIT_CONVERSION = YES;
				GCC_WARN_ABOUT_RETURN_TYPE = YES_ERROR;
				GCC_WARN_UNDECLARED_SELECTOR = YES;
				GCC_WARN_UNINITIALIZED_AUTOS = YES_AGGRESSIVE;
				GCC_WARN_UNUSED_FUNCTION = YES;
				GCC_WARN_UNUSED_VARIABLE = YES;
				IPHONEOS_DEPLOYMENT_TARGET = 9.3;
				MTL_ENABLE_DEBUG_INFO = YES;
				ONLY_ACTIVE_ARCH = YES;
				SDKROOT = iphoneos;
				TARGETED_DEVICE_FAMILY = "1,2";
			};
			name = Debug;
		};
		5F9E4F2E1CECB90C00F628AD /* Release */ = {
			isa = XCBuildConfiguration;
			buildSettings = {
				ALWAYS_SEARCH_USER_PATHS = NO;
				CLANG_ANALYZER_NONNULL = YES;
				CLANG_CXX_LANGUAGE_STANDARD = "gnu++0x";
				CLANG_CXX_LIBRARY = "libc++";
				CLANG_ENABLE_MODULES = YES;
				CLANG_ENABLE_OBJC_ARC = YES;
				CLANG_WARN_BOOL_CONVERSION = YES;
				CLANG_WARN_CONSTANT_CONVERSION = YES;
				CLANG_WARN_DIRECT_OBJC_ISA_USAGE = YES_ERROR;
				CLANG_WARN_EMPTY_BODY = YES;
				CLANG_WARN_ENUM_CONVERSION = YES;
				CLANG_WARN_INT_CONVERSION = YES;
				CLANG_WARN_OBJC_ROOT_CLASS = YES_ERROR;
				CLANG_WARN_UNREACHABLE_CODE = YES;
				CLANG_WARN__DUPLICATE_METHOD_MATCH = YES;
				"CODE_SIGN_IDENTITY[sdk=iphoneos*]" = "iPhone Developer";
				COPY_PHASE_STRIP = NO;
				DEBUG_INFORMATION_FORMAT = "dwarf-with-dsym";
				ENABLE_NS_ASSERTIONS = NO;
				ENABLE_STRICT_OBJC_MSGSEND = YES;
				GCC_C_LANGUAGE_STANDARD = gnu99;
				GCC_NO_COMMON_BLOCKS = YES;
				GCC_WARN_64_TO_32_BIT_CONVERSION = YES;
				GCC_WARN_ABOUT_RETURN_TYPE = YES_ERROR;
				GCC_WARN_UNDECLARED_SELECTOR = YES;
				GCC_WARN_UNINITIALIZED_AUTOS = YES_AGGRESSIVE;
				GCC_WARN_UNUSED_FUNCTION = YES;
				GCC_WARN_UNUSED_VARIABLE = YES;
				IPHONEOS_DEPLOYMENT_TARGET = 9.3;
				MTL_ENABLE_DEBUG_INFO = NO;
				SDKROOT = iphoneos;
				TARGETED_DEVICE_FAMILY = "1,2";
				VALIDATE_PRODUCT = YES;
			};
			name = Release;
		};
		5F9E4F301CECB90C00F628AD /* Debug */ = {
			isa = XCBuildConfiguration;
			buildSettings = {
				ASSETCATALOG_COMPILER_APPICON_NAME = AppIcon;
				INFOPLIST_FILE = "计算器/Info.plist";
				LD_RUNPATH_SEARCH_PATHS = "$(inherited) @executable_path/Frameworks";
				PRODUCT_BUNDLE_IDENTIFIER = "iOS--.---";
				PRODUCT_NAME = "$(TARGET_NAME)";
			};
			name = Debug;
		};
		5F9E4F311CECB90C00F628AD /* Release */ = {
			isa = XCBuildConfiguration;
			buildSettings = {
				ASSETCATALOG_COMPILER_APPICON_NAME = AppIcon;
				INFOPLIST_FILE = "计算器/Info.plist";
				LD_RUNPATH_SEARCH_PATHS = "$(inherited) @executable_path/Frameworks";
				PRODUCT_BUNDLE_IDENTIFIER = "iOS--.---";
				PRODUCT_NAME = "$(TARGET_NAME)";
			};
			name = Release;
		};
		5F9E4F331CECB90C00F628AD /* Debug */ = {
			isa = XCBuildConfiguration;
			buildSettings = {
				BUNDLE_LOADER = "$(TEST_HOST)";
				INFOPLIST_FILE = "计算器Tests/Info.plist";
				LD_RUNPATH_SEARCH_PATHS = "$(inherited) @executable_path/Frameworks @loader_path/Frameworks";
				PRODUCT_BUNDLE_IDENTIFIER = "iOS--.---Tests";
				PRODUCT_NAME = "$(TARGET_NAME)";
				TEST_HOST = "$(BUILT_PRODUCTS_DIR)/计算器.app/计算器";
			};
			name = Debug;
		};
		5F9E4F341CECB90C00F628AD /* Release */ = {
			isa = XCBuildConfiguration;
			buildSettings = {
				BUNDLE_LOADER = "$(TEST_HOST)";
				INFOPLIST_FILE = "计算器Tests/Info.plist";
				LD_RUNPATH_SEARCH_PATHS = "$(inherited) @executable_path/Frameworks @loader_path/Frameworks";
				PRODUCT_BUNDLE_IDENTIFIER = "iOS--.---Tests";
				PRODUCT_NAME = "$(TARGET_NAME)";
				TEST_HOST = "$(BUILT_PRODUCTS_DIR)/计算器.app/计算器";
			};
			name = Release;
		};
		5F9E4F361CECB90C00F628AD /* Debug */ = {
			isa = XCBuildConfiguration;
			buildSettings = {
				INFOPLIST_FILE = "计算器UITests/Info.plist";
				LD_RUNPATH_SEARCH_PATHS = "$(inherited) @executable_path/Frameworks @loader_path/Frameworks";
				PRODUCT_BUNDLE_IDENTIFIER = "iOS--.---UITests";
				PRODUCT_NAME = "$(TARGET_NAME)";
				TEST_TARGET_NAME = "计算器";
			};
			name = Debug;
		};
		5F9E4F371CECB90C00F628AD /* Release */ = {
			isa = XCBuildConfiguration;
			buildSettings = {
				INFOPLIST_FILE = "计算器UITests/Info.plist";
				LD_RUNPATH_SEARCH_PATHS = "$(inherited) @executable_path/Frameworks @loader_path/Frameworks";
				PRODUCT_BUNDLE_IDENTIFIER = "iOS--.---UITests";
				PRODUCT_NAME = "$(TARGET_NAME)";
				TEST_TARGET_NAME = "计算器";
			};
			name = Release;
		};
/* End XCBuildConfiguration section */

/* Begin XCConfigurationList section */
		5F9E4EFD1CECB90B00F628AD /* Build configuration list for PBXProject "计算器" */ = {
			isa = XCConfigurationList;
			buildConfigurations = (
				5F9E4F2D1CECB90C00F628AD /* Debug */,
				5F9E4F2E1CECB90C00F628AD /* Release */,
			);
			defaultConfigurationIsVisible = 0;
			defaultConfigurationName = Release;
		};
		5F9E4F2F1CECB90C00F628AD /* Build configuration list for PBXNativeTarget "计算器" */ = {
			isa = XCConfigurationList;
			buildConfigurations = (
				5F9E4F301CECB90C00F628AD /* Debug */,
				5F9E4F311CECB90C00F628AD /* Release */,
			);
			defaultConfigurationIsVisible = 0;
			defaultConfigurationName = Release;
		};
		5F9E4F321CECB90C00F628AD /* Build configuration list for PBXNativeTarget "计算器Tests" */ = {
			isa = XCConfigurationList;
			buildConfigurations = (
				5F9E4F331CECB90C00F628AD /* Debug */,
				5F9E4F341CECB90C00F628AD /* Release */,
			);
			defaultConfigurationIsVisible = 0;
			defaultConfigurationName = Release;
		};
		5F9E4F351CECB90C00F628AD /* Build configuration list for PBXNativeTarget "计算器UITests" */ = {
			isa = XCConfigurationList;
			buildConfigurations = (
				5F9E4F361CECB90C00F628AD /* Debug */,
				5F9E4F371CECB90C00F628AD /* Release */,
			);
			defaultConfigurationIsVisible = 0;
			defaultConfigurationName = Release;
		};
/* End XCConfigurationList section */
	};
	rootObject = 5F9E4EFA1CECB90B00F628AD /* Project object */;
}
