// !$*UTF8*$!
{
	archiveVersion = 1;
	classes = {
	};
	objectVersion = 46;
	objects = {

/* Begin PBXBuildFile section */
		F15F96431CE1D1FD00CE25DA /* main.m in Sources */ = {isa = PBXBuildFile; fileRef = F15F96421CE1D1FD00CE25DA /* main.m */; };
		F15F96461CE1D1FD00CE25DA /* AppDelegate.m in Sources */ = {isa = PBXBuildFile; fileRef = F15F96451CE1D1FD00CE25DA /* AppDelegate.m */; };
		F15F96491CE1D1FD00CE25DA /* ViewController.m in Sources */ = {isa = PBXBuildFile; fileRef = F15F96481CE1D1FD00CE25DA /* ViewController.m */; };
		F15F964C1CE1D1FD00CE25DA /* Main.storyboard in Resources */ = {isa = PBXBuildFile; fileRef = F15F964A1CE1D1FD00CE25DA /* Main.storyboard */; };
		F15F964E1CE1D1FD00CE25DA /* Assets.xcassets in Resources */ = {isa = PBXBuildFile; fileRef = F15F964D1CE1D1FD00CE25DA /* Assets.xcassets */; };
		F15F96511CE1D1FD00CE25DA /* LaunchScreen.storyboard in Resources */ = {isa = PBXBuildFile; fileRef = F15F964F1CE1D1FD00CE25DA /* LaunchScreen.storyboard */; };
/* End PBXBuildFile section */

/* Begin PBXFileReference section */
		F15F963E1CE1D1FD00CE25DA /* L008.app */ = {isa = PBXFileReference; explicitFileType = wrapper.application; includeInIndex = 0; path = L008.app; sourceTree = BUILT_PRODUCTS_DIR; };
		F15F96421CE1D1FD00CE25DA /* main.m */ = {isa = PBXFileReference; lastKnownFileType = sourcecode.c.objc; path = main.m; sourceTree = "<group>"; };
		F15F96441CE1D1FD00CE25DA /* AppDelegate.h */ = {isa = PBXFileReference; lastKnownFileType = sourcecode.c.h; path = AppDelegate.h; sourceTree = "<group>"; };
		F15F96451CE1D1FD00CE25DA /* AppDelegate.m */ = {isa = PBXFileReference; lastKnownFileType = sourcecode.c.objc; path = AppDelegate.m; sourceTree = "<group>"; };
		F15F96471CE1D1FD00CE25DA /* ViewController.h */ = {isa = PBXFileReference; lastKnownFileType = sourcecode.c.h; path = ViewController.h; sourceTree = "<group>"; };
		F15F96481CE1D1FD00CE25DA /* ViewController.m */ = {isa = PBXFileReference; lastKnownFileType = sourcecode.c.objc; path = ViewController.m; sourceTree = "<group>"; };
		F15F964B1CE1D1FD00CE25DA /* Base */ = {isa = PBXFileReference; lastKnownFileType = file.storyboard; name = Base; path = Base.lproj/Main.storyboard; sourceTree = "<group>"; };
		F15F964D1CE1D1FD00CE25DA /* Assets.xcassets */ = {isa = PBXFileReference; lastKnownFileType = folder.assetcatalog; path = Assets.xcassets; sourceTree = "<group>"; };
		F15F96501CE1D1FD00CE25DA /* Base */ = {isa = PBXFileReference; lastKnownFileType = file.storyboard; name = Base; path = Base.lproj/LaunchScreen.storyboard; sourceTree = "<group>"; };
		F15F96521CE1D1FD00CE25DA /* Info.plist */ = {isa = PBXFileReference; lastKnownFileType = text.plist.xml; path = Info.plist; sourceTree = "<group>"; };
/* End PBXFileReference section */

/* Begin PBXFrameworksBuildPhase section */
		F15F963B1CE1D1FD00CE25DA /* Frameworks */ = {
			isa = PBXFrameworksBuildPhase;
			buildActionMask = 2147483647;
			files = (
			);
			runOnlyForDeploymentPostprocessing = 0;
		};
/* End PBXFrameworksBuildPhase section */

/* Begin PBXGroup section */
		F15F96351CE1D1FD00CE25DA = {
			isa = PBXGroup;
			children = (
				F15F96401CE1D1FD00CE25DA /* L008 */,
				F15F963F1CE1D1FD00CE25DA /* Products */,
			);
			sourceTree = "<group>";
		};
		F15F963F1CE1D1FD00CE25DA /* Products */ = {
			isa = PBXGroup;
			children = (
				F15F963E1CE1D1FD00CE25DA /* L008.app */,
			);
			name = Products;
			sourceTree = "<group>";
		};
		F15F96401CE1D1FD00CE25DA /* L008 */ = {
			isa = PBXGroup;
			children = (
				F15F96441CE1D1FD00CE25DA /* AppDelegate.h */,
				F15F96451CE1D1FD00CE25DA /* AppDelegate.m */,
				F15F96471CE1D1FD00CE25DA /* ViewController.h */,
				F15F96481CE1D1FD00CE25DA /* ViewController.m */,
				F15F964A1CE1D1FD00CE25DA /* Main.storyboard */,
				F15F964D1CE1D1FD00CE25DA /* Assets.xcassets */,
				F15F964F1CE1D1FD00CE25DA /* LaunchScreen.storyboard */,
				F15F96521CE1D1FD00CE25DA /* Info.plist */,
				F15F96411CE1D1FD00CE25DA /* Supporting Files */,
			);
			path = L008;
			sourceTree = "<group>";
		};
		F15F96411CE1D1FD00CE25DA /* Supporting Files */ = {
			isa = PBXGroup;
			children = (
				F15F96421CE1D1FD00CE25DA /* main.m */,
			);
			name = "Supporting Files";
			sourceTree = "<group>";
		};
/* End PBXGroup section */

/* Begin PBXNativeTarget section */
		F15F963D1CE1D1FD00CE25DA /* L008 */ = {
			isa = PBXNativeTarget;
			buildConfigurationList = F15F96551CE1D1FD00CE25DA /* Build configuration list for PBXNativeTarget "L008" */;
			buildPhases = (
				F15F963A1CE1D1FD00CE25DA /* Sources */,
				F15F963B1CE1D1FD00CE25DA /* Frameworks */,
				F15F963C1CE1D1FD00CE25DA /* Resources */,
			);
			buildRules = (
			);
			dependencies = (
			);
			name = L008;
			productName = L008;
			productReference = F15F963E1CE1D1FD00CE25DA /* L008.app */;
			productType = "com.apple.product-type.application";
		};
/* End PBXNativeTarget section */

/* Begin PBXProject section */
		F15F96361CE1D1FD00CE25DA /* Project object */ = {
			isa = PBXProject;
			attributes = {
				LastUpgradeCheck = 0700;
				ORGANIZATIONNAME = doudou;
				TargetAttributes = {
					F15F963D1CE1D1FD00CE25DA = {
						CreatedOnToolsVersion = 7.0.1;
					};
				};
			};
			buildConfigurationList = F15F96391CE1D1FD00CE25DA /* Build configuration list for PBXProject "L008" */;
			compatibilityVersion = "Xcode 3.2";
			developmentRegion = English;
			hasScannedForEncodings = 0;
			knownRegions = (
				en,
				Base,
			);
			mainGroup = F15F96351CE1D1FD00CE25DA;
			productRefGroup = F15F963F1CE1D1FD00CE25DA /* Products */;
			projectDirPath = "";
			projectRoot = "";
			targets = (
				F15F963D1CE1D1FD00CE25DA /* L008 */,
			);
		};
/* End PBXProject section */

/* Begin PBXResourcesBuildPhase section */
		F15F963C1CE1D1FD00CE25DA /* Resources */ = {
			isa = PBXResourcesBuildPhase;
			buildActionMask = 2147483647;
			files = (
				F15F96511CE1D1FD00CE25DA /* LaunchScreen.storyboard in Resources */,
				F15F964E1CE1D1FD00CE25DA /* Assets.xcassets in Resources */,
				F15F964C1CE1D1FD00CE25DA /* Main.storyboard in Resources */,
			);
			runOnlyForDeploymentPostprocessing = 0;
		};
/* End PBXResourcesBuildPhase section */

/* Begin PBXSourcesBuildPhase section */
		F15F963A1CE1D1FD00CE25DA /* Sources */ = {
			isa = PBXSourcesBuildPhase;
			buildActionMask = 2147483647;
			files = (
				F15F96491CE1D1FD00CE25DA /* ViewController.m in Sources */,
				F15F96461CE1D1FD00CE25DA /* AppDelegate.m in Sources */,
				F15F96431CE1D1FD00CE25DA /* main.m in Sources */,
			);
			runOnlyForDeploymentPostprocessing = 0;
		};
/* End PBXSourcesBuildPhase section */

/* Begin PBXVariantGroup section */
		F15F964A1CE1D1FD00CE25DA /* Main.storyboard */ = {
			isa = PBXVariantGroup;
			children = (
				F15F964B1CE1D1FD00CE25DA /* Base */,
			);
			name = Main.storyboard;
			sourceTree = "<group>";
		};
		F15F964F1CE1D1FD00CE25DA /* LaunchScreen.storyboard */ = {
			isa = PBXVariantGroup;
			children = (
				F15F96501CE1D1FD00CE25DA /* Base */,
			);
			name = LaunchScreen.storyboard;
			sourceTree = "<group>";
		};
/* End PBXVariantGroup section */

/* Begin XCBuildConfiguration section */
		F15F96531CE1D1FD00CE25DA /* Debug */ = {
			isa = XCBuildConfiguration;
			buildSettings = {
				ALWAYS_SEARCH_USER_PATHS = NO;
				CLANG_CXX_LANGUAGE_STANDARD = "gnu++0x";
				CLANG_CXX_LIBRARY = "libc++";
				CLANG_ENABLE_MODULES = YES;
				CLANG_ENABLE_OBJC_ARC = YES;
				CLANG_WARN_BOOL_CONVERSION = YES;
				CLANG_WARN_CONSTANT_CONVERSION = YES;
				CLANG_WARN_DIRECT_OBJC_ISA_USAGE = YES_ERROR;
				CLANG_WARN_EMPTY_BODY = YES;
				CLANG_WARN_ENUM_CONVERSION = YES;
				CLANG_WARN_INT_CONVERSION = YES;
				CLANG_WARN_OBJC_ROOT_CLASS = YES_ERROR;
				CLANG_WARN_UNREACHABLE_CODE = YES;
				CLANG_WARN__DUPLICATE_METHOD_MATCH = YES;
				"CODE_SIGN_IDENTITY[sdk=iphoneos*]" = "iPhone Developer";
				COPY_PHASE_STRIP = NO;
				DEBUG_INFORMATION_FORMAT = dwarf;
				ENABLE_STRICT_OBJC_MSGSEND = YES;
				ENABLE_TESTABILITY = YES;
				GCC_C_LANGUAGE_STANDARD = gnu99;
				GCC_DYNAMIC_NO_PIC = NO;
				GCC_NO_COMMON_BLOCKS = YES;
				GCC_OPTIMIZATION_LEVEL = 0;
				GCC_PREPROCESSOR_DEFINITIONS = (
					"DEBUG=1",
					"$(inherited)",
				);
				GCC_WARN_64_TO_32_BIT_CONVERSION = YES;
				GCC_WARN_ABOUT_RETURN_TYPE = YES_ERROR;
				GCC_WARN_UNDECLARED_SELECTOR = YES;
				GCC_WARN_UNINITIALIZED_AUTOS = YES_AGGRESSIVE;
				GCC_WARN_UNUSED_FUNCTION = YES;
				GCC_WARN_UNUSED_VARIABLE = YES;
				IPHONEOS_DEPLOYMENT_TARGET = 9.0;
				MTL_ENABLE_DEBUG_INFO = YES;
				ONLY_ACTIVE_ARCH = YES;
				SDKROOT = iphoneos;
			};
			name = Debug;
		};
		F15F96541CE1D1FD00CE25DA /* Release */ = {
			isa = XCBuildConfiguration;
			buildSettings = {
				ALWAYS_SEARCH_USER_PATHS = NO;
				CLANG_CXX_LANGUAGE_STANDARD = "gnu++0x";
				CLANG_CXX_LIBRARY = "libc++";
				CLANG_ENABLE_MODULES = YES;
				CLANG_ENABLE_OBJC_ARC = YES;
				CLANG_WARN_BOOL_CONVERSION = YES;
				CLANG_WARN_CONSTANT_CONVERSION = YES;
				CLANG_WARN_DIRECT_OBJC_ISA_USAGE = YES_ERROR;
				CLANG_WARN_EMPTY_BODY = YES;
				CLANG_WARN_ENUM_CONVERSION = YES;
				CLANG_WARN_INT_CONVERSION = YES;
				CLANG_WARN_OBJC_ROOT_CLASS = YES_ERROR;
				CLANG_WARN_UNREACHABLE_CODE = YES;
				CLANG_WARN__DUPLICATE_METHOD_MATCH = YES;
				"CODE_SIGN_IDENTITY[sdk=iphoneos*]" = "iPhone Developer";
				COPY_PHASE_STRIP = NO;
				DEBUG_INFORMATION_FORMAT = "dwarf-with-dsym";
				ENABLE_NS_ASSERTIONS = NO;
				ENABLE_STRICT_OBJC_MSGSEND = YES;
				GCC_C_LANGUAGE_STANDARD = gnu99;
				GCC_NO_COMMON_BLOCKS = YES;
				GCC_WARN_64_TO_32_BIT_CONVERSION = YES;
				GCC_WARN_ABOUT_RETURN_TYPE = YES_ERROR;
				GCC_WARN_UNDECLARED_SELECTOR = YES;
				GCC_WARN_UNINITIALIZED_AUTOS = YES_AGGRESSIVE;
				GCC_WARN_UNUSED_FUNCTION = YES;
				GCC_WARN_UNUSED_VARIABLE = YES;
				IPHONEOS_DEPLOYMENT_TARGET = 9.0;
				MTL_ENABLE_DEBUG_INFO = NO;
				SDKROOT = iphoneos;
				VALIDATE_PRODUCT = YES;
			};
			name = Release;
		};
		F15F96561CE1D1FD00CE25DA /* Debug */ = {
			isa = XCBuildConfiguration;
			buildSettings = {
				ASSETCATALOG_COMPILER_APPICON_NAME = AppIcon;
				INFOPLIST_FILE = L008/Info.plist;
				LD_RUNPATH_SEARCH_PATHS = "$(inherited) @executable_path/Frameworks";
				PRODUCT_BUNDLE_IDENTIFIER = com.MuChen.L008;
				PRODUCT_NAME = "$(TARGET_NAME)";
			};
			name = Debug;
		};
		F15F96571CE1D1FD00CE25DA /* Release */ = {
			isa = XCBuildConfiguration;
			buildSettings = {
				ASSETCATALOG_COMPILER_APPICON_NAME = AppIcon;
				INFOPLIST_FILE = L008/Info.plist;
				LD_RUNPATH_SEARCH_PATHS = "$(inherited) @executable_path/Frameworks";
				PRODUCT_BUNDLE_IDENTIFIER = com.MuChen.L008;
				PRODUCT_NAME = "$(TARGET_NAME)";
			};
			name = Release;
		};
/* End XCBuildConfiguration section */

/* Begin XCConfigurationList section */
		F15F96391CE1D1FD00CE25DA /* Build configuration list for PBXProject "L008" */ = {
			isa = XCConfigurationList;
			buildConfigurations = (
				F15F96531CE1D1FD00CE25DA /* Debug */,
				F15F96541CE1D1FD00CE25DA /* Release */,
			);
			defaultConfigurationIsVisible = 0;
			defaultConfigurationName = Release;
		};
		F15F96551CE1D1FD00CE25DA /* Build configuration list for PBXNativeTarget "L008" */ = {
			isa = XCConfigurationList;
			buildConfigurations = (
				F15F96561CE1D1FD00CE25DA /* Debug */,
				F15F96571CE1D1FD00CE25DA /* Release */,
			);
			defaultConfigurationIsVisible = 0;
		};
/* End XCConfigurationList section */
	};
	rootObject = F15F96361CE1D1FD00CE25DA /* Project object */;
}
